<?xml version="1.0" encoding="utf-8"?>
<Project ToolsVersion="4.0" xmlns="http://schemas.microsoft.com/developer/msbuild/2003">
  <ItemGroup>
    <Filter Include="源文件">
      <UniqueIdentifier>{4FC737F1-C7A5-4376-A066-2A32D752A2FF}</UniqueIdentifier>
      <Extensions>cpp;c;cc;cxx;def;odl;idl;hpj;bat;asm;asmx</Extensions>
    </Filter>
    <Filter Include="头文件">
      <UniqueIdentifier>{93995380-89BD-4b04-88EB-625FBE52EBFB}</UniqueIdentifier>
      <Extensions>h;hpp;hxx;hm;inl;inc;xsd</Extensions>
    </Filter>
    <Filter Include="资源文件">
      <UniqueIdentifier>{67DA6AB6-F800-4c08-8B7A-83BB121AAD01}</UniqueIdentifier>
      <Extensions>rc;ico;cur;bmp;dlg;rc2;rct;bin;rgs;gif;jpg;jpeg;jpe;resx;tiff;tif;png;wav;mfcribbon-ms</Extensions>
    </Filter>
  </ItemGroup>
  <ItemGroup>
    <None Include="ReadMe.txt" />
    <None Include="res\MengTu.rc2">
      <Filter>资源文件</Filter>
    </None>
    <None Include="res\MengTu.ico">
      <Filter>资源文件</Filter>
    </None>
    <None Include="res\1.cur">
      <Filter>资源文件</Filter>
    </None>
    <None Include="res\bitmap1.bmp">
      <Filter>资源文件</Filter>
    </None>
    <None Include="res\背景.bmp">
      <Filter>资源文件</Filter>
    </None>
    <None Include="res\矩形.bmp">
      <Filter>资源文件</Filter>
    </None>
    <None Include="res\椭圆.bmp">
      <Filter>资源文件</Filter>
    </None>
    <None Include="res\撤销.bmp">
      <Filter>资源文件</Filter>
    </None>
    <None Include="res\存盘.bmp">
      <Filter>资源文件</Filter>
    </None>
    <None Include="res\箭头.bmp">
      <Filter>资源文件</Filter>
    </None>
    <None Include="res\竖直分割线.bmp">
      <Filter>资源文件</Filter>
    </None>
    <None Include="res\刷子.bmp">
      <Filter>资源文件</Filter>
    </None>
    <None Include="res\退出.bmp">
      <Filter>资源文件</Filter>
    </None>
    <None Include="res\完成.bmp">
      <Filter>资源文件</Filter>
    </None>
    <None Include="res\选中.bmp">
      <Filter>资源文件</Filter>
    </None>
    <None Include="res\字体.bmp">
      <Filter>资源文件</Filter>
    </None>
    <None Include="res\兔子.ico">
      <Filter>资源文件</Filter>
    </None>
  </ItemGroup>
  <ItemGroup>
    <ClInclude Include="MengTu.h">
      <Filter>头文件</Filter>
    </ClInclude>
    <ClInclude Include="MengTuDlg.h">
      <Filter>头文件</Filter>
    </ClInclude>
    <ClInclude Include="stdafx.h">
      <Filter>头文件</Filter>
    </ClInclude>
    <ClInclude Include="targetver.h">
      <Filter>头文件</Filter>
    </ClInclude>
    <ClInclude Include="Resource.h">
      <Filter>头文件</Filter>
    </ClInclude>
    <ClInclude Include="NotifyStatic.h">
      <Filter>头文件</Filter>
    </ClInclude>
    <ClInclude Include="CaptureDlg.h">
      <Filter>头文件</Filter>
    </ClInclude>
    <ClInclude Include="Config.h">
      <Filter>头文件</Filter>
    </ClInclude>
    <ClInclude Include="ImgTrans.h">
      <Filter>头文件</Filter>
    </ClInclude>
    <ClInclude Include="Shape.h">
      <Filter>头文件</Filter>
    </ClInclude>
    <ClInclude Include="MyCtrl.h">
      <Filter>头文件</Filter>
    </ClInclude>
  </ItemGroup>
  <ItemGroup>
    <ClCompile Include="MengTu.cpp">
      <Filter>源文件</Filter>
    </ClCompile>
    <ClCompile Include="MengTuDlg.cpp">
      <Filter>源文件</Filter>
    </ClCompile>
    <ClCompile Include="stdafx.cpp">
      <Filter>源文件</Filter>
    </ClCompile>
    <ClCompile Include="NotifyStatic.cpp">
      <Filter>源文件</Filter>
    </ClCompile>
    <ClCompile Include="CaptureDlg.cpp">
      <Filter>源文件</Filter>
    </ClCompile>
    <ClCompile Include="Config.cpp">
      <Filter>源文件</Filter>
    </ClCompile>
    <ClCompile Include="ImgTrans.cpp">
      <Filter>源文件</Filter>
    </ClCompile>
    <ClCompile Include="Shape.cpp">
      <Filter>源文件</Filter>
    </ClCompile>
    <ClCompile Include="MyCtrl.cpp">
      <Filter>源文件</Filter>
    </ClCompile>
  </ItemGroup>
  <ItemGroup>
    <ResourceCompile Include="MengTu.rc">
      <Filter>资源文件</Filter>
    </ResourceCompile>
  </ItemGroup>
</Project>